
Microsoft Visual Studio Solution File, Format Version 12.00
# Visual Studio Version 17
VisualStudioVersion = 17.0.31903.59
MinimumVisualStudioVersion = 10.0.40219.1
Project("{42C894E8-95CE-41D6-85BA-1ABD0CB0AE34}") = "GenAiLab.AppHost", "GenAiLab.AppHost\GenAiLab.AppHost.csproj", "{316D17D1-E3DD-449E-8936-A2234A116DE7}"
EndProject
Project("{42C894E8-95CE-41D6-85BA-1ABD0CB0AE34}") = "GenAiLab.ServiceDefaults", "GenAiLab.ServiceDefaults\GenAiLab.ServiceDefaults.csproj", "{DDD4BDCD-4FC6-4133-B034-A441DC5E7544}"
EndProject
Project("{42C894E8-95CE-41D6-85BA-1ABD0CB0AE34}") = "GenAiLab.Web", "GenAiLab.Web\GenAiLab.Web.csproj", "{921E86A6-40F8-4DAF-9F8E-A39516411798}"
EndProject
Global
	GlobalSection(SolutionConfigurationPlatforms) = preSolution
		Debug|Any CPU = Debug|Any CPU
		Release|Any CPU = Release|Any CPU
	EndGlobalSection
	GlobalSection(SolutionProperties) = preSolution
		HideSolutionNode = FALSE
	EndGlobalSection
	GlobalSection(ProjectConfigurationPlatforms) = postSolution
		{316D17D1-E3DD-449E-8936-A2234A116DE7}.Debug|Any CPU.ActiveCfg = Debug|Any CPU
		{316D17D1-E3DD-449E-8936-A2234A116DE7}.Debug|Any CPU.Build.0 = Debug|Any CPU
		{316D17D1-E3DD-449E-8936-A2234A116DE7}.Release|Any CPU.ActiveCfg = Release|Any CPU
		{316D17D1-E3DD-449E-8936-A2234A116DE7}.Release|Any CPU.Build.0 = Release|Any CPU
		{DDD4BDCD-4FC6-4133-B034-A441DC5E7544}.Debug|Any CPU.ActiveCfg = Debug|Any CPU
		{DDD4BDCD-4FC6-4133-B034-A441DC5E7544}.Debug|Any CPU.Build.0 = Debug|Any CPU
		{DDD4BDCD-4FC6-4133-B034-A441DC5E7544}.Release|Any CPU.ActiveCfg = Release|Any CPU
		{DDD4BDCD-4FC6-4133-B034-A441DC5E7544}.Release|Any CPU.Build.0 = Release|Any CPU
		{921E86A6-40F8-4DAF-9F8E-A39516411798}.Debug|Any CPU.ActiveCfg = Debug|Any CPU
		{921E86A6-40F8-4DAF-9F8E-A39516411798}.Debug|Any CPU.Build.0 = Debug|Any CPU
		{921E86A6-40F8-4DAF-9F8E-A39516411798}.Release|Any CPU.ActiveCfg = Release|Any CPU
		{921E86A6-40F8-4DAF-9F8E-A39516411798}.Release|Any CPU.Build.0 = Release|Any CPU
	EndGlobalSection
EndGlobal
