
Microsoft Visual Studio Solution File, Format Version 12.00
# Visual Studio Version 17
VisualStudioVersion = 17.0.31903.59
MinimumVisualStudioVersion = 10.0.40219.1
Project("{814D6F65-0DEA-470A-831D-9AA37C3D1B3B}") = "GenAiLab.AppHost", "GenAiLab.AppHost\GenAiLab.AppHost.csproj", "{AD26F2A4-1DA7-47B6-A617-07DB4370A752}"
EndProject
Project("{814D6F65-0DEA-470A-831D-9AA37C3D1B3B}") = "GenAiLab.ServiceDefaults", "GenAiLab.ServiceDefaults\GenAiLab.ServiceDefaults.csproj", "{7241518E-B16B-4F37-B679-332ED5A4B8A5}"
EndProject
Project("{814D6F65-0DEA-470A-831D-9AA37C3D1B3B}") = "GenAiLab.Web", "GenAiLab.Web\GenAiLab.Web.csproj", "{9332FA64-F258-41F1-9971-8517CA756D12}"
EndProject
Global
	GlobalSection(SolutionConfigurationPlatforms) = preSolution
		Debug|Any CPU = Debug|Any CPU
		Release|Any CPU = Release|Any CPU
	EndGlobalSection
	GlobalSection(SolutionProperties) = preSolution
		HideSolutionNode = FALSE
	EndGlobalSection
	GlobalSection(ProjectConfigurationPlatforms) = postSolution
		{AD26F2A4-1DA7-47B6-A617-07DB4370A752}.Debug|Any CPU.ActiveCfg = Debug|Any CPU
		{AD26F2A4-1DA7-47B6-A617-07DB4370A752}.Debug|Any CPU.Build.0 = Debug|Any CPU
		{AD26F2A4-1DA7-47B6-A617-07DB4370A752}.Release|Any CPU.ActiveCfg = Release|Any CPU
		{AD26F2A4-1DA7-47B6-A617-07DB4370A752}.Release|Any CPU.Build.0 = Release|Any CPU
		{7241518E-B16B-4F37-B679-332ED5A4B8A5}.Debug|Any CPU.ActiveCfg = Debug|Any CPU
		{7241518E-B16B-4F37-B679-332ED5A4B8A5}.Debug|Any CPU.Build.0 = Debug|Any CPU
		{7241518E-B16B-4F37-B679-332ED5A4B8A5}.Release|Any CPU.ActiveCfg = Release|Any CPU
		{7241518E-B16B-4F37-B679-332ED5A4B8A5}.Release|Any CPU.Build.0 = Release|Any CPU
		{9332FA64-F258-41F1-9971-8517CA756D12}.Debug|Any CPU.ActiveCfg = Debug|Any CPU
		{9332FA64-F258-41F1-9971-8517CA756D12}.Debug|Any CPU.Build.0 = Debug|Any CPU
		{9332FA64-F258-41F1-9971-8517CA756D12}.Release|Any CPU.ActiveCfg = Release|Any CPU
		{9332FA64-F258-41F1-9971-8517CA756D12}.Release|Any CPU.Build.0 = Release|Any CPU
	EndGlobalSection
EndGlobal
